
Microsoft Visual Studio Solution File, Format Version 12.00
# Visual Studio Version 16
VisualStudioVersion = 16.0.30517.126
MinimumVisualStudioVersion = 10.0.40219.1
Project("{FAE04EC0-301F-11D3-BF4B-00C04F79EFBC}") = "Sol_Demo", "Sol_Demo\Sol_Demo.csproj", "{D7271692-A8D8-44A6-91F5-5F9A156B9466}"
EndProject
Global
	GlobalSection(SolutionConfigurationPlatforms) = preSolution
		Debug|Any CPU = Debug|Any CPU
		Release|Any CPU = Release|Any CPU
	EndGlobalSection
	GlobalSection(ProjectConfigurationPlatforms) = postSolution
		{D7271692-A8D8-44A6-91F5-5F9A156B9466}.Debug|Any CPU.ActiveCfg = Debug|Any CPU
		{D7271692-A8D8-44A6-91F5-5F9A156B9466}.Debug|Any CPU.Build.0 = Debug|Any CPU
		{D7271692-A8D8-44A6-91F5-5F9A156B9466}.Release|Any CPU.ActiveCfg = Release|Any CPU
		{D7271692-A8D8-44A6-91F5-5F9A156B9466}.Release|Any CPU.Build.0 = Release|Any CPU
	EndGlobalSection
	GlobalSection(SolutionProperties) = preSolution
		HideSolutionNode = FALSE
	EndGlobalSection
	GlobalSection(ExtensibilityGlobals) = postSolution
		SolutionGuid = {E31881B7-4F26-4C70-AD19-C84A90C54183}
	EndGlobalSection
EndGlobal
